
Microsoft Visual Studio Solution File, Format Version 12.00
# Visual Studio 15
VisualStudioVersion = 15.0.27703.2042
MinimumVisualStudioVersion = 10.0.40219.1
Project("{9A19103F-16F7-4668-BE54-9A1E7A4F7556}") = "Codes", "Codes\Codes.csproj", "{570453E2-75E9-4892-BBE6-1DED53DFD0D9}"
EndProject
Project("{FAE04EC0-301F-11D3-BF4B-00C04F79EFBC}") = "Codes.Demo", "Codes.Demo\Codes.Demo.csproj", "{5C61B621-DFCE-4137-8ABD-F9056FFCDD01}"
EndProject
Global
	GlobalSection(SolutionConfigurationPlatforms) = preSolution
		Debug|Any CPU = Debug|Any CPU
		Release|Any CPU = Release|Any CPU
	EndGlobalSection
	GlobalSection(ProjectConfigurationPlatforms) = postSolution
		{570453E2-75E9-4892-BBE6-1DED53DFD0D9}.Debug|Any CPU.ActiveCfg = Debug|Any CPU
		{570453E2-75E9-4892-BBE6-1DED53DFD0D9}.Debug|Any CPU.Build.0 = Debug|Any CPU
		{570453E2-75E9-4892-BBE6-1DED53DFD0D9}.Release|Any CPU.ActiveCfg = Release|Any CPU
		{570453E2-75E9-4892-BBE6-1DED53DFD0D9}.Release|Any CPU.Build.0 = Release|Any CPU
		{5C61B621-DFCE-4137-8ABD-F9056FFCDD01}.Debug|Any CPU.ActiveCfg = Debug|Any CPU
		{5C61B621-DFCE-4137-8ABD-F9056FFCDD01}.Debug|Any CPU.Build.0 = Debug|Any CPU
		{5C61B621-DFCE-4137-8ABD-F9056FFCDD01}.Release|Any CPU.ActiveCfg = Release|Any CPU
		{5C61B621-DFCE-4137-8ABD-F9056FFCDD01}.Release|Any CPU.Build.0 = Release|Any CPU
	EndGlobalSection
	GlobalSection(SolutionProperties) = preSolution
		HideSolutionNode = FALSE
	EndGlobalSection
	GlobalSection(ExtensibilityGlobals) = postSolution
		SolutionGuid = {F82C2695-3557-47A5-A0CA-61A180EF253D}
	EndGlobalSection
EndGlobal
